// !$*UTF8*$!
{
	archiveVersion = 1;
	classes = {
	};
	objectVersion = 46;
	objects = {

/* Begin PBXBuildFile section */
		F6D1A40A1D1C9ADB00B42E72 /* AppDelegate.swift in Sources */ = {isa = PBXBuildFile; fileRef = F6D1A4091D1C9ADB00B42E72 /* AppDelegate.swift */; };
		F6D1A40C1D1C9ADB00B42E72 /* ViewController.swift in Sources */ = {isa = PBXBuildFile; fileRef = F6D1A40B1D1C9ADB00B42E72 /* ViewController.swift */; };
		F6D1A40F1D1C9ADB00B42E72 /* Main.storyboard in Resources */ = {isa = PBXBuildFile; fileRef = F6D1A40D1D1C9ADB00B42E72 /* Main.storyboard */; };
		F6D1A4111D1C9ADB00B42E72 /* Assets.xcassets in Resources */ = {isa = PBXBuildFile; fileRef = F6D1A4101D1C9ADB00B42E72 /* Assets.xcassets */; };
		F6D1A4141D1C9ADB00B42E72 /* LaunchScreen.storyboard in Resources */ = {isa = PBXBuildFile; fileRef = F6D1A4121D1C9ADB00B42E72 /* LaunchScreen.storyboard */; };
		F6D1A41F1D1C9ADB00B42E72 /* PerpetualPolygonTests.swift in Sources */ = {isa = PBXBuildFile; fileRef = F6D1A41E1D1C9ADB00B42E72 /* PerpetualPolygonTests.swift */; };
		F6D1A42A1D1C9ADB00B42E72 /* PerpetualPolygonUITests.swift in Sources */ = {isa = PBXBuildFile; fileRef = F6D1A4291D1C9ADB00B42E72 /* PerpetualPolygonUITests.swift */; };
/* End PBXBuildFile section */

/* Begin PBXContainerItemProxy section */
		F6D1A41B1D1C9ADB00B42E72 /* PBXContainerItemProxy */ = {
			isa = PBXContainerItemProxy;
			containerPortal = F6D1A3FE1D1C9ADB00B42E72 /* Project object */;
			proxyType = 1;
			remoteGlobalIDString = F6D1A4051D1C9ADB00B42E72;
			remoteInfo = PerpetualPolygon;
		};
		F6D1A4261D1C9ADB00B42E72 /* PBXContainerItemProxy */ = {
			isa = PBXContainerItemProxy;
			containerPortal = F6D1A3FE1D1C9ADB00B42E72 /* Project object */;
			proxyType = 1;
			remoteGlobalIDString = F6D1A4051D1C9ADB00B42E72;
			remoteInfo = PerpetualPolygon;
		};
/* End PBXContainerItemProxy section */

/* Begin PBXFileReference section */
		F6D1A4061D1C9ADB00B42E72 /* PerpetualPolygon.app */ = {isa = PBXFileReference; explicitFileType = wrapper.application; includeInIndex = 0; path = PerpetualPolygon.app; sourceTree = BUILT_PRODUCTS_DIR; };
		F6D1A4091D1C9ADB00B42E72 /* AppDelegate.swift */ = {isa = PBXFileReference; lastKnownFileType = sourcecode.swift; path = AppDelegate.swift; sourceTree = "<group>"; };
		F6D1A40B1D1C9ADB00B42E72 /* ViewController.swift */ = {isa = PBXFileReference; lastKnownFileType = sourcecode.swift; path = ViewController.swift; sourceTree = "<group>"; };
		F6D1A40E1D1C9ADB00B42E72 /* Base */ = {isa = PBXFileReference; lastKnownFileType = file.storyboard; name = Base; path = Base.lproj/Main.storyboard; sourceTree = "<group>"; };
		F6D1A4101D1C9ADB00B42E72 /* Assets.xcassets */ = {isa = PBXFileReference; lastKnownFileType = folder.assetcatalog; path = Assets.xcassets; sourceTree = "<group>"; };
		F6D1A4131D1C9ADB00B42E72 /* Base */ = {isa = PBXFileReference; lastKnownFileType = file.storyboard; name = Base; path = Base.lproj/LaunchScreen.storyboard; sourceTree = "<group>"; };
		F6D1A4151D1C9ADB00B42E72 /* Info.plist */ = {isa = PBXFileReference; lastKnownFileType = text.plist.xml; path = Info.plist; sourceTree = "<group>"; };
		F6D1A41A1D1C9ADB00B42E72 /* PerpetualPolygonTests.xctest */ = {isa = PBXFileReference; explicitFileType = wrapper.cfbundle; includeInIndex = 0; path = PerpetualPolygonTests.xctest; sourceTree = BUILT_PRODUCTS_DIR; };
		F6D1A41E1D1C9ADB00B42E72 /* PerpetualPolygonTests.swift */ = {isa = PBXFileReference; lastKnownFileType = sourcecode.swift; path = PerpetualPolygonTests.swift; sourceTree = "<group>"; };
		F6D1A4201D1C9ADB00B42E72 /* Info.plist */ = {isa = PBXFileReference; lastKnownFileType = text.plist.xml; path = Info.plist; sourceTree = "<group>"; };
		F6D1A4251D1C9ADB00B42E72 /* PerpetualPolygonUITests.xctest */ = {isa = PBXFileReference; explicitFileType = wrapper.cfbundle; includeInIndex = 0; path = PerpetualPolygonUITests.xctest; sourceTree = BUILT_PRODUCTS_DIR; };
		F6D1A4291D1C9ADB00B42E72 /* PerpetualPolygonUITests.swift */ = {isa = PBXFileReference; lastKnownFileType = sourcecode.swift; path = PerpetualPolygonUITests.swift; sourceTree = "<group>"; };
		F6D1A42B1D1C9ADB00B42E72 /* Info.plist */ = {isa = PBXFileReference; lastKnownFileType = text.plist.xml; path = Info.plist; sourceTree = "<group>"; };
/* End PBXFileReference section */

/* Begin PBXFrameworksBuildPhase section */
		F6D1A4031D1C9ADB00B42E72 /* Frameworks */ = {
			isa = PBXFrameworksBuildPhase;
			buildActionMask = 2147483647;
			files = (
			);
			runOnlyForDeploymentPostprocessing = 0;
		};
		F6D1A4171D1C9ADB00B42E72 /* Frameworks */ = {
			isa = PBXFrameworksBuildPhase;
			buildActionMask = 2147483647;
			files = (
			);
			runOnlyForDeploymentPostprocessing = 0;
		};
		F6D1A4221D1C9ADB00B42E72 /* Frameworks */ = {
			isa = PBXFrameworksBuildPhase;
			buildActionMask = 2147483647;
			files = (
			);
			runOnlyForDeploymentPostprocessing = 0;
		};
/* End PBXFrameworksBuildPhase section */

/* Begin PBXGroup section */
		F6D1A3FD1D1C9ADB00B42E72 = {
			isa = PBXGroup;
			children = (
				F6D1A4081D1C9ADB00B42E72 /* PerpetualPolygon */,
				F6D1A41D1D1C9ADB00B42E72 /* PerpetualPolygonTests */,
				F6D1A4281D1C9ADB00B42E72 /* PerpetualPolygonUITests */,
				F6D1A4071D1C9ADB00B42E72 /* Products */,
			);
			sourceTree = "<group>";
		};
		F6D1A4071D1C9ADB00B42E72 /* Products */ = {
			isa = PBXGroup;
			children = (
				F6D1A4061D1C9ADB00B42E72 /* PerpetualPolygon.app */,
				F6D1A41A1D1C9ADB00B42E72 /* PerpetualPolygonTests.xctest */,
				F6D1A4251D1C9ADB00B42E72 /* PerpetualPolygonUITests.xctest */,
			);
			name = Products;
			sourceTree = "<group>";
		};
		F6D1A4081D1C9ADB00B42E72 /* PerpetualPolygon */ = {
			isa = PBXGroup;
			children = (
				F6D1A4091D1C9ADB00B42E72 /* AppDelegate.swift */,
				F6D1A40B1D1C9ADB00B42E72 /* ViewController.swift */,
				F6D1A40D1D1C9ADB00B42E72 /* Main.storyboard */,
				F6D1A4101D1C9ADB00B42E72 /* Assets.xcassets */,
				F6D1A4121D1C9ADB00B42E72 /* LaunchScreen.storyboard */,
				F6D1A4151D1C9ADB00B42E72 /* Info.plist */,
			);
			path = PerpetualPolygon;
			sourceTree = "<group>";
		};
		F6D1A41D1D1C9ADB00B42E72 /* PerpetualPolygonTests */ = {
			isa = PBXGroup;
			children = (
				F6D1A41E1D1C9ADB00B42E72 /* PerpetualPolygonTests.swift */,
				F6D1A4201D1C9ADB00B42E72 /* Info.plist */,
			);
			path = PerpetualPolygonTests;
			sourceTree = "<group>";
		};
		F6D1A4281D1C9ADB00B42E72 /* PerpetualPolygonUITests */ = {
			isa = PBXGroup;
			children = (
				F6D1A4291D1C9ADB00B42E72 /* PerpetualPolygonUITests.swift */,
				F6D1A42B1D1C9ADB00B42E72 /* Info.plist */,
			);
			path = PerpetualPolygonUITests;
			sourceTree = "<group>";
		};
/* End PBXGroup section */

/* Begin PBXNativeTarget section */
		F6D1A4051D1C9ADB00B42E72 /* PerpetualPolygon */ = {
			isa = PBXNativeTarget;
			buildConfigurationList = F6D1A42E1D1C9ADB00B42E72 /* Build configuration list for PBXNativeTarget "PerpetualPolygon" */;
			buildPhases = (
				F6D1A4021D1C9ADB00B42E72 /* Sources */,
				F6D1A4031D1C9ADB00B42E72 /* Frameworks */,
				F6D1A4041D1C9ADB00B42E72 /* Resources */,
			);
			buildRules = (
			);
			dependencies = (
			);
			name = PerpetualPolygon;
			productName = PerpetualPolygon;
			productReference = F6D1A4061D1C9ADB00B42E72 /* PerpetualPolygon.app */;
			productType = "com.apple.product-type.application";
		};
		F6D1A4191D1C9ADB00B42E72 /* PerpetualPolygonTests */ = {
			isa = PBXNativeTarget;
			buildConfigurationList = F6D1A4311D1C9ADB00B42E72 /* Build configuration list for PBXNativeTarget "PerpetualPolygonTests" */;
			buildPhases = (
				F6D1A4161D1C9ADB00B42E72 /* Sources */,
				F6D1A4171D1C9ADB00B42E72 /* Frameworks */,
				F6D1A4181D1C9ADB00B42E72 /* Resources */,
			);
			buildRules = (
			);
			dependencies = (
				F6D1A41C1D1C9ADB00B42E72 /* PBXTargetDependency */,
			);
			name = PerpetualPolygonTests;
			productName = PerpetualPolygonTests;
			productReference = F6D1A41A1D1C9ADB00B42E72 /* PerpetualPolygonTests.xctest */;
			productType = "com.apple.product-type.bundle.unit-test";
		};
		F6D1A4241D1C9ADB00B42E72 /* PerpetualPolygonUITests */ = {
			isa = PBXNativeTarget;
			buildConfigurationList = F6D1A4341D1C9ADB00B42E72 /* Build configuration list for PBXNativeTarget "PerpetualPolygonUITests" */;
			buildPhases = (
				F6D1A4211D1C9ADB00B42E72 /* Sources */,
				F6D1A4221D1C9ADB00B42E72 /* Frameworks */,
				F6D1A4231D1C9ADB00B42E72 /* Resources */,
			);
			buildRules = (
			);
			dependencies = (
				F6D1A4271D1C9ADB00B42E72 /* PBXTargetDependency */,
			);
			name = PerpetualPolygonUITests;
			productName = PerpetualPolygonUITests;
			productReference = F6D1A4251D1C9ADB00B42E72 /* PerpetualPolygonUITests.xctest */;
			productType = "com.apple.product-type.bundle.ui-testing";
		};
/* End PBXNativeTarget section */

/* Begin PBXProject section */
		F6D1A3FE1D1C9ADB00B42E72 /* Project object */ = {
			isa = PBXProject;
			attributes = {
				LastSwiftUpdateCheck = 0730;
				LastUpgradeCheck = 0730;
				ORGANIZATIONNAME = Lewis;
				TargetAttributes = {
					F6D1A4051D1C9ADB00B42E72 = {
						CreatedOnToolsVersion = 7.3.1;
					};
					F6D1A4191D1C9ADB00B42E72 = {
						CreatedOnToolsVersion = 7.3.1;
						TestTargetID = F6D1A4051D1C9ADB00B42E72;
					};
					F6D1A4241D1C9ADB00B42E72 = {
						CreatedOnToolsVersion = 7.3.1;
						TestTargetID = F6D1A4051D1C9ADB00B42E72;
					};
				};
			};
			buildConfigurationList = F6D1A4011D1C9ADB00B42E72 /* Build configuration list for PBXProject "PerpetualPolygon" */;
			compatibilityVersion = "Xcode 3.2";
			developmentRegion = English;
			hasScannedForEncodings = 0;
			knownRegions = (
				en,
				Base,
			);
			mainGroup = F6D1A3FD1D1C9ADB00B42E72;
			productRefGroup = F6D1A4071D1C9ADB00B42E72 /* Products */;
			projectDirPath = "";
			projectRoot = "";
			targets = (
				F6D1A4051D1C9ADB00B42E72 /* PerpetualPolygon */,
				F6D1A4191D1C9ADB00B42E72 /* PerpetualPolygonTests */,
				F6D1A4241D1C9ADB00B42E72 /* PerpetualPolygonUITests */,
			);
		};
/* End PBXProject section */

/* Begin PBXResourcesBuildPhase section */
		F6D1A4041D1C9ADB00B42E72 /* Resources */ = {
			isa = PBXResourcesBuildPhase;
			buildActionMask = 2147483647;
			files = (
				F6D1A4141D1C9ADB00B42E72 /* LaunchScreen.storyboard in Resources */,
				F6D1A4111D1C9ADB00B42E72 /* Assets.xcassets in Resources */,
				F6D1A40F1D1C9ADB00B42E72 /* Main.storyboard in Resources */,
			);
			runOnlyForDeploymentPostprocessing = 0;
		};
		F6D1A4181D1C9ADB00B42E72 /* Resources */ = {
			isa = PBXResourcesBuildPhase;
			buildActionMask = 2147483647;
			files = (
			);
			runOnlyForDeploymentPostprocessing = 0;
		};
		F6D1A4231D1C9ADB00B42E72 /* Resources */ = {
			isa = PBXResourcesBuildPhase;
			buildActionMask = 2147483647;
			files = (
			);
			runOnlyForDeploymentPostprocessing = 0;
		};
/* End PBXResourcesBuildPhase section */

/* Begin PBXSourcesBuildPhase section */
		F6D1A4021D1C9ADB00B42E72 /* Sources */ = {
			isa = PBXSourcesBuildPhase;
			buildActionMask = 2147483647;
			files = (
				F6D1A40C1D1C9ADB00B42E72 /* ViewController.swift in Sources */,
				F6D1A40A1D1C9ADB00B42E72 /* AppDelegate.swift in Sources */,
			);
			runOnlyForDeploymentPostprocessing = 0;
		};
		F6D1A4161D1C9ADB00B42E72 /* Sources */ = {
			isa = PBXSourcesBuildPhase;
			buildActionMask = 2147483647;
			files = (
				F6D1A41F1D1C9ADB00B42E72 /* PerpetualPolygonTests.swift in Sources */,
			);
			runOnlyForDeploymentPostprocessing = 0;
		};
		F6D1A4211D1C9ADB00B42E72 /* Sources */ = {
			isa = PBXSourcesBuildPhase;
			buildActionMask = 2147483647;
			files = (
				F6D1A42A1D1C9ADB00B42E72 /* PerpetualPolygonUITests.swift in Sources */,
			);
			runOnlyForDeploymentPostprocessing = 0;
		};
/* End PBXSourcesBuildPhase section */

/* Begin PBXTargetDependency section */
		F6D1A41C1D1C9ADB00B42E72 /* PBXTargetDependency */ = {
			isa = PBXTargetDependency;
			target = F6D1A4051D1C9ADB00B42E72 /* PerpetualPolygon */;
			targetProxy = F6D1A41B1D1C9ADB00B42E72 /* PBXContainerItemProxy */;
		};
		F6D1A4271D1C9ADB00B42E72 /* PBXTargetDependency */ = {
			isa = PBXTargetDependency;
			target = F6D1A4051D1C9ADB00B42E72 /* PerpetualPolygon */;
			targetProxy = F6D1A4261D1C9ADB00B42E72 /* PBXContainerItemProxy */;
		};
/* End PBXTargetDependency section */

/* Begin PBXVariantGroup section */
		F6D1A40D1D1C9ADB00B42E72 /* Main.storyboard */ = {
			isa = PBXVariantGroup;
			children = (
				F6D1A40E1D1C9ADB00B42E72 /* Base */,
			);
			name = Main.storyboard;
			sourceTree = "<group>";
		};
		F6D1A4121D1C9ADB00B42E72 /* LaunchScreen.storyboard */ = {
			isa = PBXVariantGroup;
			children = (
				F6D1A4131D1C9ADB00B42E72 /* Base */,
			);
			name = LaunchScreen.storyboard;
			sourceTree = "<group>";
		};
/* End PBXVariantGroup section */

/* Begin XCBuildConfiguration section */
		F6D1A42C1D1C9ADB00B42E72 /* Debug */ = {
			isa = XCBuildConfiguration;
			buildSettings = {
				ALWAYS_SEARCH_USER_PATHS = NO;
				CLANG_ANALYZER_NONNULL = YES;
				CLANG_CXX_LANGUAGE_STANDARD = "gnu++0x";
				CLANG_CXX_LIBRARY = "libc++";
				CLANG_ENABLE_MODULES = YES;
				CLANG_ENABLE_OBJC_ARC = YES;
				CLANG_WARN_BOOL_CONVERSION = YES;
				CLANG_WARN_CONSTANT_CONVERSION = YES;
				CLANG_WARN_DIRECT_OBJC_ISA_USAGE = YES_ERROR;
				CLANG_WARN_EMPTY_BODY = YES;
				CLANG_WARN_ENUM_CONVERSION = YES;
				CLANG_WARN_INT_CONVERSION = YES;
				CLANG_WARN_OBJC_ROOT_CLASS = YES_ERROR;
				CLANG_WARN_UNREACHABLE_CODE = YES;
				CLANG_WARN__DUPLICATE_METHOD_MATCH = YES;
				"CODE_SIGN_IDENTITY[sdk=iphoneos*]" = "iPhone Developer";
				COPY_PHASE_STRIP = NO;
				DEBUG_INFORMATION_FORMAT = dwarf;
				ENABLE_STRICT_OBJC_MSGSEND = YES;
				ENABLE_TESTABILITY = YES;
				GCC_C_LANGUAGE_STANDARD = gnu99;
				GCC_DYNAMIC_NO_PIC = NO;
				GCC_NO_COMMON_BLOCKS = YES;
				GCC_OPTIMIZATION_LEVEL = 0;
				GCC_PREPROCESSOR_DEFINITIONS = (
					"DEBUG=1",
					"$(inherited)",
				);
				GCC_WARN_64_TO_32_BIT_CONVERSION = YES;
				GCC_WARN_ABOUT_RETURN_TYPE = YES_ERROR;
				GCC_WARN_UNDECLARED_SELECTOR = YES;
				GCC_WARN_UNINITIALIZED_AUTOS = YES_AGGRESSIVE;
				GCC_WARN_UNUSED_FUNCTION = YES;
				GCC_WARN_UNUSED_VARIABLE = YES;
				IPHONEOS_DEPLOYMENT_TARGET = 9.3;
				MTL_ENABLE_DEBUG_INFO = YES;
				ONLY_ACTIVE_ARCH = YES;
				SDKROOT = iphoneos;
				SWIFT_OPTIMIZATION_LEVEL = "-Onone";
				TARGETED_DEVICE_FAMILY = "1,2";
			};
			name = Debug;
		};
		F6D1A42D1D1C9ADB00B42E72 /* Release */ = {
			isa = XCBuildConfiguration;
			buildSettings = {
				ALWAYS_SEARCH_USER_PATHS = NO;
				CLANG_ANALYZER_NONNULL = YES;
				CLANG_CXX_LANGUAGE_STANDARD = "gnu++0x";
				CLANG_CXX_LIBRARY = "libc++";
				CLANG_ENABLE_MODULES = YES;
				CLANG_ENABLE_OBJC_ARC = YES;
				CLANG_WARN_BOOL_CONVERSION = YES;
				CLANG_WARN_CONSTANT_CONVERSION = YES;
				CLANG_WARN_DIRECT_OBJC_ISA_USAGE = YES_ERROR;
				CLANG_WARN_EMPTY_BODY = YES;
				CLANG_WARN_ENUM_CONVERSION = YES;
				CLANG_WARN_INT_CONVERSION = YES;
				CLANG_WARN_OBJC_ROOT_CLASS = YES_ERROR;
				CLANG_WARN_UNREACHABLE_CODE = YES;
				CLANG_WARN__DUPLICATE_METHOD_MATCH = YES;
				"CODE_SIGN_IDENTITY[sdk=iphoneos*]" = "iPhone Developer";
				COPY_PHASE_STRIP = NO;
				DEBUG_INFORMATION_FORMAT = "dwarf-with-dsym";
				ENABLE_NS_ASSERTIONS = NO;
				ENABLE_STRICT_OBJC_MSGSEND = YES;
				GCC_C_LANGUAGE_STANDARD = gnu99;
				GCC_NO_COMMON_BLOCKS = YES;
				GCC_WARN_64_TO_32_BIT_CONVERSION = YES;
				GCC_WARN_ABOUT_RETURN_TYPE = YES_ERROR;
				GCC_WARN_UNDECLARED_SELECTOR = YES;
				GCC_WARN_UNINITIALIZED_AUTOS = YES_AGGRESSIVE;
				GCC_WARN_UNUSED_FUNCTION = YES;
				GCC_WARN_UNUSED_VARIABLE = YES;
				IPHONEOS_DEPLOYMENT_TARGET = 9.3;
				MTL_ENABLE_DEBUG_INFO = NO;
				SDKROOT = iphoneos;
				TARGETED_DEVICE_FAMILY = "1,2";
				VALIDATE_PRODUCT = YES;
			};
			name = Release;
		};
		F6D1A42F1D1C9ADB00B42E72 /* Debug */ = {
			isa = XCBuildConfiguration;
			buildSettings = {
				ASSETCATALOG_COMPILER_APPICON_NAME = AppIcon;
				INFOPLIST_FILE = PerpetualPolygon/Info.plist;
				LD_RUNPATH_SEARCH_PATHS = "$(inherited) @executable_path/Frameworks";
				PRODUCT_BUNDLE_IDENTIFIER = edu.rosehulman.PerpetualPolygon;
				PRODUCT_NAME = "$(TARGET_NAME)";
			};
			name = Debug;
		};
		F6D1A4301D1C9ADB00B42E72 /* Release */ = {
			isa = XCBuildConfiguration;
			buildSettings = {
				ASSETCATALOG_COMPILER_APPICON_NAME = AppIcon;
				INFOPLIST_FILE = PerpetualPolygon/Info.plist;
				LD_RUNPATH_SEARCH_PATHS = "$(inherited) @executable_path/Frameworks";
				PRODUCT_BUNDLE_IDENTIFIER = edu.rosehulman.PerpetualPolygon;
				PRODUCT_NAME = "$(TARGET_NAME)";
			};
			name = Release;
		};
		F6D1A4321D1C9ADB00B42E72 /* Debug */ = {
			isa = XCBuildConfiguration;
			buildSettings = {
				BUNDLE_LOADER = "$(TEST_HOST)";
				INFOPLIST_FILE = PerpetualPolygonTests/Info.plist;
				LD_RUNPATH_SEARCH_PATHS = "$(inherited) @executable_path/Frameworks @loader_path/Frameworks";
				PRODUCT_BUNDLE_IDENTIFIER = edu.rosehulman.PerpetualPolygonTests;
				PRODUCT_NAME = "$(TARGET_NAME)";
				TEST_HOST = "$(BUILT_PRODUCTS_DIR)/PerpetualPolygon.app/PerpetualPolygon";
			};
			name = Debug;
		};
		F6D1A4331D1C9ADB00B42E72 /* Release */ = {
			isa = XCBuildConfiguration;
			buildSettings = {
				BUNDLE_LOADER = "$(TEST_HOST)";
				INFOPLIST_FILE = PerpetualPolygonTests/Info.plist;
				LD_RUNPATH_SEARCH_PATHS = "$(inherited) @executable_path/Frameworks @loader_path/Frameworks";
				PRODUCT_BUNDLE_IDENTIFIER = edu.rosehulman.PerpetualPolygonTests;
				PRODUCT_NAME = "$(TARGET_NAME)";
				TEST_HOST = "$(BUILT_PRODUCTS_DIR)/PerpetualPolygon.app/PerpetualPolygon";
			};
			name = Release;
		};
		F6D1A4351D1C9ADB00B42E72 /* Debug */ = {
			isa = XCBuildConfiguration;
			buildSettings = {
				INFOPLIST_FILE = PerpetualPolygonUITests/Info.plist;
				LD_RUNPATH_SEARCH_PATHS = "$(inherited) @executable_path/Frameworks @loader_path/Frameworks";
				PRODUCT_BUNDLE_IDENTIFIER = edu.rosehulman.PerpetualPolygonUITests;
				PRODUCT_NAME = "$(TARGET_NAME)";
				TEST_TARGET_NAME = PerpetualPolygon;
			};
			name = Debug;
		};
		F6D1A4361D1C9ADB00B42E72 /* Release */ = {
			isa = XCBuildConfiguration;
			buildSettings = {
				INFOPLIST_FILE = PerpetualPolygonUITests/Info.plist;
				LD_RUNPATH_SEARCH_PATHS = "$(inherited) @executable_path/Frameworks @loader_path/Frameworks";
				PRODUCT_BUNDLE_IDENTIFIER = edu.rosehulman.PerpetualPolygonUITests;
				PRODUCT_NAME = "$(TARGET_NAME)";
				TEST_TARGET_NAME = PerpetualPolygon;
			};
			name = Release;
		};
/* End XCBuildConfiguration section */

/* Begin XCConfigurationList section */
		F6D1A4011D1C9ADB00B42E72 /* Build configuration list for PBXProject "PerpetualPolygon" */ = {
			isa = XCConfigurationList;
			buildConfigurations = (
				F6D1A42C1D1C9ADB00B42E72 /* Debug */,
				F6D1A42D1D1C9ADB00B42E72 /* Release */,
			);
			defaultConfigurationIsVisible = 0;
			defaultConfigurationName = Release;
		};
		F6D1A42E1D1C9ADB00B42E72 /* Build configuration list for PBXNativeTarget "PerpetualPolygon" */ = {
			isa = XCConfigurationList;
			buildConfigurations = (
				F6D1A42F1D1C9ADB00B42E72 /* Debug */,
				F6D1A4301D1C9ADB00B42E72 /* Release */,
			);
			defaultConfigurationIsVisible = 0;
		};
		F6D1A4311D1C9ADB00B42E72 /* Build configuration list for PBXNativeTarget "PerpetualPolygonTests" */ = {
			isa = XCConfigurationList;
			buildConfigurations = (
				F6D1A4321D1C9ADB00B42E72 /* Debug */,
				F6D1A4331D1C9ADB00B42E72 /* Release */,
			);
			defaultConfigurationIsVisible = 0;
		};
		F6D1A4341D1C9ADB00B42E72 /* Build configuration list for PBXNativeTarget "PerpetualPolygonUITests" */ = {
			isa = XCConfigurationList;
			buildConfigurations = (
				F6D1A4351D1C9ADB00B42E72 /* Debug */,
				F6D1A4361D1C9ADB00B42E72 /* Release */,
			);
			defaultConfigurationIsVisible = 0;
		};
/* End XCConfigurationList section */
	};
	rootObject = F6D1A3FE1D1C9ADB00B42E72 /* Project object */;
}
