// !$*UTF8*$!
{
	archiveVersion = 1;
	classes = {
	};
	objectVersion = 46;
	objects = {

/* Begin PBXBuildFile section */
		292BCE5FD5DDFF5AD6EC38F9 /* Pods_PerpetualPolygon.framework in Frameworks */ = {isa = PBXBuildFile; fileRef = 5885AD64D0EB35E665F04BCA /* Pods_PerpetualPolygon.framework */; };
		628198631D593F69006B0ADA /* Highscore.swift in Sources */ = {isa = PBXBuildFile; fileRef = 628198621D593F69006B0ADA /* Highscore.swift */; };
		628198671D594695006B0ADA /* HighscoreTableViewController.swift in Sources */ = {isa = PBXBuildFile; fileRef = 628198661D594695006B0ADA /* HighscoreTableViewController.swift */; };
		6292A0F31D5D9E6D003D11AD /* GoogleService-Info.plist in Resources */ = {isa = PBXBuildFile; fileRef = 6292A0F21D5D9E6D003D11AD /* GoogleService-Info.plist */; };
		6292A0F51D62422C003D11AD /* HighScoreCell.swift in Sources */ = {isa = PBXBuildFile; fileRef = 6292A0F41D62422C003D11AD /* HighScoreCell.swift */; };
		62B5AB241D45DC9B008E7103 /* Point.swift in Sources */ = {isa = PBXBuildFile; fileRef = 62B5AB231D45DC9B008E7103 /* Point.swift */; };
		F610FFE91D4176DF009F4EC7 /* Platform.swift in Sources */ = {isa = PBXBuildFile; fileRef = F610FFE81D4176DF009F4EC7 /* Platform.swift */; };
		F6121E021D2AD56A00CF7F2D /* AppDelegate.swift in Sources */ = {isa = PBXBuildFile; fileRef = F6121E011D2AD56A00CF7F2D /* AppDelegate.swift */; };
		F6121E041D2AD56A00CF7F2D /* GameScene.sks in Resources */ = {isa = PBXBuildFile; fileRef = F6121E031D2AD56A00CF7F2D /* GameScene.sks */; };
		F6121E061D2AD56A00CF7F2D /* GameScene.swift in Sources */ = {isa = PBXBuildFile; fileRef = F6121E051D2AD56A00CF7F2D /* GameScene.swift */; };
		F6121E081D2AD56A00CF7F2D /* GameViewController.swift in Sources */ = {isa = PBXBuildFile; fileRef = F6121E071D2AD56A00CF7F2D /* GameViewController.swift */; };
		F6121E0B1D2AD56A00CF7F2D /* Main.storyboard in Resources */ = {isa = PBXBuildFile; fileRef = F6121E091D2AD56A00CF7F2D /* Main.storyboard */; };
		F6121E0D1D2AD56A00CF7F2D /* Assets.xcassets in Resources */ = {isa = PBXBuildFile; fileRef = F6121E0C1D2AD56A00CF7F2D /* Assets.xcassets */; };
		F6121E101D2AD56A00CF7F2D /* LaunchScreen.storyboard in Resources */ = {isa = PBXBuildFile; fileRef = F6121E0E1D2AD56A00CF7F2D /* LaunchScreen.storyboard */; };
		F6468A9D1D55303D00510AB6 /* OptionsViewController.swift in Sources */ = {isa = PBXBuildFile; fileRef = F6468A9C1D55303D00510AB6 /* OptionsViewController.swift */; };
		F6468AA01D5535C800510AB6 /* PerpetualPolygonModel.xcdatamodeld in Sources */ = {isa = PBXBuildFile; fileRef = F6468A9E1D5535C800510AB6 /* PerpetualPolygonModel.xcdatamodeld */; };
		F6468AA61D55389200510AB6 /* MenuViewController.swift in Sources */ = {isa = PBXBuildFile; fileRef = F6468AA51D55389200510AB6 /* MenuViewController.swift */; };
		F6468AA91D55563500510AB6 /* Colors+CoreDataProperties.swift in Sources */ = {isa = PBXBuildFile; fileRef = F6468AA71D55563500510AB6 /* Colors+CoreDataProperties.swift */; };
		F6468AAA1D55563500510AB6 /* Colors.swift in Sources */ = {isa = PBXBuildFile; fileRef = F6468AA81D55563500510AB6 /* Colors.swift */; };
/* End PBXBuildFile section */

/* Begin PBXFileReference section */
		5885AD64D0EB35E665F04BCA /* Pods_PerpetualPolygon.framework */ = {isa = PBXFileReference; explicitFileType = wrapper.framework; includeInIndex = 0; path = Pods_PerpetualPolygon.framework; sourceTree = BUILT_PRODUCTS_DIR; };
		5A39376324E65755B74C37C1 /* Pods-PerpetualPolygon.release.xcconfig */ = {isa = PBXFileReference; includeInIndex = 1; lastKnownFileType = text.xcconfig; name = "Pods-PerpetualPolygon.release.xcconfig"; path = "Pods/Target Support Files/Pods-PerpetualPolygon/Pods-PerpetualPolygon.release.xcconfig"; sourceTree = "<group>"; };
		628198621D593F69006B0ADA /* Highscore.swift */ = {isa = PBXFileReference; fileEncoding = 4; lastKnownFileType = sourcecode.swift; path = Highscore.swift; sourceTree = "<group>"; };
		628198661D594695006B0ADA /* HighscoreTableViewController.swift */ = {isa = PBXFileReference; fileEncoding = 4; lastKnownFileType = sourcecode.swift; path = HighscoreTableViewController.swift; sourceTree = "<group>"; };
		6292A0F21D5D9E6D003D11AD /* GoogleService-Info.plist */ = {isa = PBXFileReference; fileEncoding = 4; lastKnownFileType = text.plist.xml; path = "GoogleService-Info.plist"; sourceTree = "<group>"; };
		6292A0F41D62422C003D11AD /* HighScoreCell.swift */ = {isa = PBXFileReference; fileEncoding = 4; lastKnownFileType = sourcecode.swift; path = HighScoreCell.swift; sourceTree = "<group>"; };
		62B5AB231D45DC9B008E7103 /* Point.swift */ = {isa = PBXFileReference; fileEncoding = 4; lastKnownFileType = sourcecode.swift; path = Point.swift; sourceTree = "<group>"; };
		7729002B7EDAF0EBAB22F8F7 /* Pods-PerpetualPolygon.debug.xcconfig */ = {isa = PBXFileReference; includeInIndex = 1; lastKnownFileType = text.xcconfig; name = "Pods-PerpetualPolygon.debug.xcconfig"; path = "Pods/Target Support Files/Pods-PerpetualPolygon/Pods-PerpetualPolygon.debug.xcconfig"; sourceTree = "<group>"; };
		F610FFE81D4176DF009F4EC7 /* Platform.swift */ = {isa = PBXFileReference; fileEncoding = 4; lastKnownFileType = sourcecode.swift; path = Platform.swift; sourceTree = "<group>"; };
		F6121DFE1D2AD56A00CF7F2D /* PerpetualPolygon.app */ = {isa = PBXFileReference; explicitFileType = wrapper.application; includeInIndex = 0; path = PerpetualPolygon.app; sourceTree = BUILT_PRODUCTS_DIR; };
		F6121E011D2AD56A00CF7F2D /* AppDelegate.swift */ = {isa = PBXFileReference; lastKnownFileType = sourcecode.swift; path = AppDelegate.swift; sourceTree = "<group>"; };
		F6121E031D2AD56A00CF7F2D /* GameScene.sks */ = {isa = PBXFileReference; lastKnownFileType = file.sks; path = GameScene.sks; sourceTree = "<group>"; };
		F6121E051D2AD56A00CF7F2D /* GameScene.swift */ = {isa = PBXFileReference; lastKnownFileType = sourcecode.swift; path = GameScene.swift; sourceTree = "<group>"; };
		F6121E071D2AD56A00CF7F2D /* GameViewController.swift */ = {isa = PBXFileReference; lastKnownFileType = sourcecode.swift; path = GameViewController.swift; sourceTree = "<group>"; };
		F6121E0A1D2AD56A00CF7F2D /* Base */ = {isa = PBXFileReference; lastKnownFileType = file.storyboard; name = Base; path = Base.lproj/Main.storyboard; sourceTree = "<group>"; };
		F6121E0C1D2AD56A00CF7F2D /* Assets.xcassets */ = {isa = PBXFileReference; lastKnownFileType = folder.assetcatalog; path = Assets.xcassets; sourceTree = "<group>"; };
		F6121E0F1D2AD56A00CF7F2D /* Base */ = {isa = PBXFileReference; lastKnownFileType = file.storyboard; name = Base; path = Base.lproj/LaunchScreen.storyboard; sourceTree = "<group>"; };
		F6121E111D2AD56A00CF7F2D /* Info.plist */ = {isa = PBXFileReference; lastKnownFileType = text.plist.xml; path = Info.plist; sourceTree = "<group>"; };
		F6468A9C1D55303D00510AB6 /* OptionsViewController.swift */ = {isa = PBXFileReference; fileEncoding = 4; lastKnownFileType = sourcecode.swift; path = OptionsViewController.swift; sourceTree = "<group>"; };
		F6468A9F1D5535C800510AB6 /* PerpetualPolygonModel.xcdatamodel */ = {isa = PBXFileReference; lastKnownFileType = wrapper.xcdatamodel; path = PerpetualPolygonModel.xcdatamodel; sourceTree = "<group>"; };
		F6468AA51D55389200510AB6 /* MenuViewController.swift */ = {isa = PBXFileReference; fileEncoding = 4; lastKnownFileType = sourcecode.swift; path = MenuViewController.swift; sourceTree = "<group>"; };
		F6468AA71D55563500510AB6 /* Colors+CoreDataProperties.swift */ = {isa = PBXFileReference; fileEncoding = 4; lastKnownFileType = sourcecode.swift; path = "Colors+CoreDataProperties.swift"; sourceTree = "<group>"; };
		F6468AA81D55563500510AB6 /* Colors.swift */ = {isa = PBXFileReference; fileEncoding = 4; lastKnownFileType = sourcecode.swift; path = Colors.swift; sourceTree = "<group>"; };
/* End PBXFileReference section */

/* Begin PBXFrameworksBuildPhase section */
		F6121DFB1D2AD56A00CF7F2D /* Frameworks */ = {
			isa = PBXFrameworksBuildPhase;
			buildActionMask = 2147483647;
			files = (
				292BCE5FD5DDFF5AD6EC38F9 /* Pods_PerpetualPolygon.framework in Frameworks */,
			);
			runOnlyForDeploymentPostprocessing = 0;
		};
/* End PBXFrameworksBuildPhase section */

/* Begin PBXGroup section */
		961DF7154A04DFA95E60D0A1 /* Frameworks */ = {
			isa = PBXGroup;
			children = (
				5885AD64D0EB35E665F04BCA /* Pods_PerpetualPolygon.framework */,
			);
			name = Frameworks;
			sourceTree = "<group>";
		};
		F6121DF51D2AD56900CF7F2D = {
			isa = PBXGroup;
			children = (
				F6121E001D2AD56A00CF7F2D /* PerpetualPolygon */,
				F6121DFF1D2AD56A00CF7F2D /* Products */,
				F8E16E2C539CC4381B3FEE52 /* Pods */,
				961DF7154A04DFA95E60D0A1 /* Frameworks */,
			);
			sourceTree = "<group>";
		};
		F6121DFF1D2AD56A00CF7F2D /* Products */ = {
			isa = PBXGroup;
			children = (
				F6121DFE1D2AD56A00CF7F2D /* PerpetualPolygon.app */,
			);
			name = Products;
			sourceTree = "<group>";
		};
		F6121E001D2AD56A00CF7F2D /* PerpetualPolygon */ = {
			isa = PBXGroup;
			children = (
				6292A0F21D5D9E6D003D11AD /* GoogleService-Info.plist */,
				F6121E011D2AD56A00CF7F2D /* AppDelegate.swift */,
				F6121E031D2AD56A00CF7F2D /* GameScene.sks */,
				F6468AA51D55389200510AB6 /* MenuViewController.swift */,
				F6468A9C1D55303D00510AB6 /* OptionsViewController.swift */,
				F6121E051D2AD56A00CF7F2D /* GameScene.swift */,
				F6121E071D2AD56A00CF7F2D /* GameViewController.swift */,
				F6121E091D2AD56A00CF7F2D /* Main.storyboard */,
				F6121E0C1D2AD56A00CF7F2D /* Assets.xcassets */,
				F6121E0E1D2AD56A00CF7F2D /* LaunchScreen.storyboard */,
				F6121E111D2AD56A00CF7F2D /* Info.plist */,
				F610FFE81D4176DF009F4EC7 /* Platform.swift */,
				62B5AB231D45DC9B008E7103 /* Point.swift */,
				F6468A9E1D5535C800510AB6 /* PerpetualPolygonModel.xcdatamodeld */,
				F6468AA71D55563500510AB6 /* Colors+CoreDataProperties.swift */,
				F6468AA81D55563500510AB6 /* Colors.swift */,
				628198621D593F69006B0ADA /* Highscore.swift */,
				628198661D594695006B0ADA /* HighscoreTableViewController.swift */,
				6292A0F41D62422C003D11AD /* HighScoreCell.swift */,
			);
			path = PerpetualPolygon;
			sourceTree = "<group>";
		};
		F8E16E2C539CC4381B3FEE52 /* Pods */ = {
			isa = PBXGroup;
			children = (
				7729002B7EDAF0EBAB22F8F7 /* Pods-PerpetualPolygon.debug.xcconfig */,
				5A39376324E65755B74C37C1 /* Pods-PerpetualPolygon.release.xcconfig */,
			);
			name = Pods;
			sourceTree = "<group>";
		};
/* End PBXGroup section */

/* Begin PBXNativeTarget section */
		F6121DFD1D2AD56A00CF7F2D /* PerpetualPolygon */ = {
			isa = PBXNativeTarget;
			buildConfigurationList = F6121E141D2AD56A00CF7F2D /* Build configuration list for PBXNativeTarget "PerpetualPolygon" */;
			buildPhases = (
				38D76F0BF181857C4904568E /* [CP] Check Pods Manifest.lock */,
				F6121DFA1D2AD56A00CF7F2D /* Sources */,
				F6121DFB1D2AD56A00CF7F2D /* Frameworks */,
				F6121DFC1D2AD56A00CF7F2D /* Resources */,
				7C15F1DD8373907B5210D533 /* [CP] Embed Pods Frameworks */,
				66297AC8684A016E19F57C96 /* [CP] Copy Pods Resources */,
			);
			buildRules = (
			);
			dependencies = (
			);
			name = PerpetualPolygon;
			productName = PerpetualPolygon;
			productReference = F6121DFE1D2AD56A00CF7F2D /* PerpetualPolygon.app */;
			productType = "com.apple.product-type.application";
		};
/* End PBXNativeTarget section */

/* Begin PBXProject section */
		F6121DF61D2AD56900CF7F2D /* Project object */ = {
			isa = PBXProject;
			attributes = {
				LastSwiftUpdateCheck = 0730;
				LastUpgradeCheck = 0730;
				ORGANIZATIONNAME = Lewis;
				TargetAttributes = {
					F6121DFD1D2AD56A00CF7F2D = {
						CreatedOnToolsVersion = 7.3.1;
						DevelopmentTeam = U9CGL53Z8S;
					};
				};
			};
			buildConfigurationList = F6121DF91D2AD56900CF7F2D /* Build configuration list for PBXProject "PerpetualPolygon" */;
			compatibilityVersion = "Xcode 3.2";
			developmentRegion = English;
			hasScannedForEncodings = 0;
			knownRegions = (
				en,
				Base,
			);
			mainGroup = F6121DF51D2AD56900CF7F2D;
			productRefGroup = F6121DFF1D2AD56A00CF7F2D /* Products */;
			projectDirPath = "";
			projectRoot = "";
			targets = (
				F6121DFD1D2AD56A00CF7F2D /* PerpetualPolygon */,
			);
		};
/* End PBXProject section */

/* Begin PBXResourcesBuildPhase section */
		F6121DFC1D2AD56A00CF7F2D /* Resources */ = {
			isa = PBXResourcesBuildPhase;
			buildActionMask = 2147483647;
			files = (
				F6121E041D2AD56A00CF7F2D /* GameScene.sks in Resources */,
				F6121E101D2AD56A00CF7F2D /* LaunchScreen.storyboard in Resources */,
				6292A0F31D5D9E6D003D11AD /* GoogleService-Info.plist in Resources */,
				F6121E0D1D2AD56A00CF7F2D /* Assets.xcassets in Resources */,
				F6121E0B1D2AD56A00CF7F2D /* Main.storyboard in Resources */,
			);
			runOnlyForDeploymentPostprocessing = 0;
		};
/* End PBXResourcesBuildPhase section */

/* Begin PBXShellScriptBuildPhase section */
		38D76F0BF181857C4904568E /* [CP] Check Pods Manifest.lock */ = {
			isa = PBXShellScriptBuildPhase;
			buildActionMask = 2147483647;
			files = (
			);
			inputPaths = (
			);
			name = "[CP] Check Pods Manifest.lock";
			outputPaths = (
			);
			runOnlyForDeploymentPostprocessing = 0;
			shellPath = /bin/sh;
			shellScript = "diff \"${PODS_ROOT}/../Podfile.lock\" \"${PODS_ROOT}/Manifest.lock\" > /dev/null\nif [[ $? != 0 ]] ; then\n    cat << EOM\nerror: The sandbox is not in sync with the Podfile.lock. Run 'pod install' or update your CocoaPods installation.\nEOM\n    exit 1\nfi\n";
			showEnvVarsInLog = 0;
		};
		66297AC8684A016E19F57C96 /* [CP] Copy Pods Resources */ = {
			isa = PBXShellScriptBuildPhase;
			buildActionMask = 2147483647;
			files = (
			);
			inputPaths = (
			);
			name = "[CP] Copy Pods Resources";
			outputPaths = (
			);
			runOnlyForDeploymentPostprocessing = 0;
			shellPath = /bin/sh;
			shellScript = "\"${SRCROOT}/Pods/Target Support Files/Pods-PerpetualPolygon/Pods-PerpetualPolygon-resources.sh\"\n";
			showEnvVarsInLog = 0;
		};
		7C15F1DD8373907B5210D533 /* [CP] Embed Pods Frameworks */ = {
			isa = PBXShellScriptBuildPhase;
			buildActionMask = 2147483647;
			files = (
			);
			inputPaths = (
			);
			name = "[CP] Embed Pods Frameworks";
			outputPaths = (
			);
			runOnlyForDeploymentPostprocessing = 0;
			shellPath = /bin/sh;
			shellScript = "\"${SRCROOT}/Pods/Target Support Files/Pods-PerpetualPolygon/Pods-PerpetualPolygon-frameworks.sh\"\n";
			showEnvVarsInLog = 0;
		};
/* End PBXShellScriptBuildPhase section */

/* Begin PBXSourcesBuildPhase section */
		F6121DFA1D2AD56A00CF7F2D /* Sources */ = {
			isa = PBXSourcesBuildPhase;
			buildActionMask = 2147483647;
			files = (
				F6468AA01D5535C800510AB6 /* PerpetualPolygonModel.xcdatamodeld in Sources */,
				F6468AAA1D55563500510AB6 /* Colors.swift in Sources */,
				F6468AA61D55389200510AB6 /* MenuViewController.swift in Sources */,
				628198671D594695006B0ADA /* HighscoreTableViewController.swift in Sources */,
				F6468AA91D55563500510AB6 /* Colors+CoreDataProperties.swift in Sources */,
				F6121E061D2AD56A00CF7F2D /* GameScene.swift in Sources */,
				62B5AB241D45DC9B008E7103 /* Point.swift in Sources */,
				6292A0F51D62422C003D11AD /* HighScoreCell.swift in Sources */,
				F6121E081D2AD56A00CF7F2D /* GameViewController.swift in Sources */,
				F6468A9D1D55303D00510AB6 /* OptionsViewController.swift in Sources */,
				628198631D593F69006B0ADA /* Highscore.swift in Sources */,
				F610FFE91D4176DF009F4EC7 /* Platform.swift in Sources */,
				F6121E021D2AD56A00CF7F2D /* AppDelegate.swift in Sources */,
			);
			runOnlyForDeploymentPostprocessing = 0;
		};
/* End PBXSourcesBuildPhase section */

/* Begin PBXVariantGroup section */
		F6121E091D2AD56A00CF7F2D /* Main.storyboard */ = {
			isa = PBXVariantGroup;
			children = (
				F6121E0A1D2AD56A00CF7F2D /* Base */,
			);
			name = Main.storyboard;
			sourceTree = "<group>";
		};
		F6121E0E1D2AD56A00CF7F2D /* LaunchScreen.storyboard */ = {
			isa = PBXVariantGroup;
			children = (
				F6121E0F1D2AD56A00CF7F2D /* Base */,
			);
			name = LaunchScreen.storyboard;
			sourceTree = "<group>";
		};
/* End PBXVariantGroup section */

/* Begin XCBuildConfiguration section */
		F6121E121D2AD56A00CF7F2D /* Debug */ = {
			isa = XCBuildConfiguration;
			buildSettings = {
				ALWAYS_SEARCH_USER_PATHS = NO;
				CLANG_ANALYZER_NONNULL = YES;
				CLANG_CXX_LANGUAGE_STANDARD = "gnu++0x";
				CLANG_CXX_LIBRARY = "libc++";
				CLANG_ENABLE_MODULES = YES;
				CLANG_ENABLE_OBJC_ARC = YES;
				CLANG_WARN_BOOL_CONVERSION = YES;
				CLANG_WARN_CONSTANT_CONVERSION = YES;
				CLANG_WARN_DIRECT_OBJC_ISA_USAGE = YES_ERROR;
				CLANG_WARN_EMPTY_BODY = YES;
				CLANG_WARN_ENUM_CONVERSION = YES;
				CLANG_WARN_INT_CONVERSION = YES;
				CLANG_WARN_OBJC_ROOT_CLASS = YES_ERROR;
				CLANG_WARN_UNREACHABLE_CODE = YES;
				CLANG_WARN__DUPLICATE_METHOD_MATCH = YES;
				"CODE_SIGN_IDENTITY[sdk=iphoneos*]" = "iPhone Developer";
				COPY_PHASE_STRIP = NO;
				DEBUG_INFORMATION_FORMAT = "dwarf-with-dsym";
				ENABLE_STRICT_OBJC_MSGSEND = YES;
				ENABLE_TESTABILITY = YES;
				GCC_C_LANGUAGE_STANDARD = gnu99;
				GCC_DYNAMIC_NO_PIC = NO;
				GCC_NO_COMMON_BLOCKS = YES;
				GCC_OPTIMIZATION_LEVEL = 0;
				GCC_PREPROCESSOR_DEFINITIONS = (
					"DEBUG=1",
					"$(inherited)",
				);
				GCC_WARN_64_TO_32_BIT_CONVERSION = YES;
				GCC_WARN_ABOUT_RETURN_TYPE = YES_ERROR;
				GCC_WARN_UNDECLARED_SELECTOR = YES;
				GCC_WARN_UNINITIALIZED_AUTOS = YES_AGGRESSIVE;
				GCC_WARN_UNUSED_FUNCTION = YES;
				GCC_WARN_UNUSED_VARIABLE = YES;
				IPHONEOS_DEPLOYMENT_TARGET = 9.3;
				MTL_ENABLE_DEBUG_INFO = YES;
				ONLY_ACTIVE_ARCH = YES;
				SDKROOT = iphoneos;
				SWIFT_OPTIMIZATION_LEVEL = "-Onone";
				TARGETED_DEVICE_FAMILY = "1,2";
			};
			name = Debug;
		};
		F6121E131D2AD56A00CF7F2D /* Release */ = {
			isa = XCBuildConfiguration;
			buildSettings = {
				ALWAYS_SEARCH_USER_PATHS = NO;
				CLANG_ANALYZER_NONNULL = YES;
				CLANG_CXX_LANGUAGE_STANDARD = "gnu++0x";
				CLANG_CXX_LIBRARY = "libc++";
				CLANG_ENABLE_MODULES = YES;
				CLANG_ENABLE_OBJC_ARC = YES;
				CLANG_WARN_BOOL_CONVERSION = YES;
				CLANG_WARN_CONSTANT_CONVERSION = YES;
				CLANG_WARN_DIRECT_OBJC_ISA_USAGE = YES_ERROR;
				CLANG_WARN_EMPTY_BODY = YES;
				CLANG_WARN_ENUM_CONVERSION = YES;
				CLANG_WARN_INT_CONVERSION = YES;
				CLANG_WARN_OBJC_ROOT_CLASS = YES_ERROR;
				CLANG_WARN_UNREACHABLE_CODE = YES;
				CLANG_WARN__DUPLICATE_METHOD_MATCH = YES;
				"CODE_SIGN_IDENTITY[sdk=iphoneos*]" = "iPhone Developer";
				COPY_PHASE_STRIP = NO;
				DEBUG_INFORMATION_FORMAT = "dwarf-with-dsym";
				ENABLE_NS_ASSERTIONS = NO;
				ENABLE_STRICT_OBJC_MSGSEND = YES;
				GCC_C_LANGUAGE_STANDARD = gnu99;
				GCC_NO_COMMON_BLOCKS = YES;
				GCC_WARN_64_TO_32_BIT_CONVERSION = YES;
				GCC_WARN_ABOUT_RETURN_TYPE = YES_ERROR;
				GCC_WARN_UNDECLARED_SELECTOR = YES;
				GCC_WARN_UNINITIALIZED_AUTOS = YES_AGGRESSIVE;
				GCC_WARN_UNUSED_FUNCTION = YES;
				GCC_WARN_UNUSED_VARIABLE = YES;
				IPHONEOS_DEPLOYMENT_TARGET = 9.3;
				MTL_ENABLE_DEBUG_INFO = NO;
				SDKROOT = iphoneos;
				TARGETED_DEVICE_FAMILY = "1,2";
				VALIDATE_PRODUCT = YES;
			};
			name = Release;
		};
		F6121E151D2AD56A00CF7F2D /* Debug */ = {
			isa = XCBuildConfiguration;
			baseConfigurationReference = 7729002B7EDAF0EBAB22F8F7 /* Pods-PerpetualPolygon.debug.xcconfig */;
			buildSettings = {
				ASSETCATALOG_COMPILER_APPICON_NAME = AppIcon;
				CODE_SIGN_IDENTITY = "iPhone Developer";
				"CODE_SIGN_IDENTITY[sdk=iphoneos*]" = "iPhone Developer";
				INFOPLIST_FILE = PerpetualPolygon/Info.plist;
				LD_RUNPATH_SEARCH_PATHS = "$(inherited) @executable_path/Frameworks";
				PRODUCT_BUNDLE_IDENTIFIER = edu.rosehulman.PerpetualPolygon;
				PRODUCT_NAME = "$(TARGET_NAME)";
				PROVISIONING_PROFILE = "";
				TARGETED_DEVICE_FAMILY = "1,2";
			};
			name = Debug;
		};
		F6121E161D2AD56A00CF7F2D /* Release */ = {
			isa = XCBuildConfiguration;
			baseConfigurationReference = 5A39376324E65755B74C37C1 /* Pods-PerpetualPolygon.release.xcconfig */;
			buildSettings = {
				ASSETCATALOG_COMPILER_APPICON_NAME = AppIcon;
				CODE_SIGN_IDENTITY = "iPhone Developer";
				"CODE_SIGN_IDENTITY[sdk=iphoneos*]" = "iPhone Developer";
				INFOPLIST_FILE = PerpetualPolygon/Info.plist;
				LD_RUNPATH_SEARCH_PATHS = "$(inherited) @executable_path/Frameworks";
				PRODUCT_BUNDLE_IDENTIFIER = edu.rosehulman.PerpetualPolygon;
				PRODUCT_NAME = "$(TARGET_NAME)";
				PROVISIONING_PROFILE = "";
				TARGETED_DEVICE_FAMILY = "1,2";
			};
			name = Release;
		};
/* End XCBuildConfiguration section */

/* Begin XCConfigurationList section */
		F6121DF91D2AD56900CF7F2D /* Build configuration list for PBXProject "PerpetualPolygon" */ = {
			isa = XCConfigurationList;
			buildConfigurations = (
				F6121E121D2AD56A00CF7F2D /* Debug */,
				F6121E131D2AD56A00CF7F2D /* Release */,
			);
			defaultConfigurationIsVisible = 0;
			defaultConfigurationName = Release;
		};
		F6121E141D2AD56A00CF7F2D /* Build configuration list for PBXNativeTarget "PerpetualPolygon" */ = {
			isa = XCConfigurationList;
			buildConfigurations = (
				F6121E151D2AD56A00CF7F2D /* Debug */,
				F6121E161D2AD56A00CF7F2D /* Release */,
			);
			defaultConfigurationIsVisible = 0;
			defaultConfigurationName = Release;
		};
/* End XCConfigurationList section */

/* Begin XCVersionGroup section */
		F6468A9E1D5535C800510AB6 /* PerpetualPolygonModel.xcdatamodeld */ = {
			isa = XCVersionGroup;
			children = (
				F6468A9F1D5535C800510AB6 /* PerpetualPolygonModel.xcdatamodel */,
			);
			currentVersion = F6468A9F1D5535C800510AB6 /* PerpetualPolygonModel.xcdatamodel */;
			path = PerpetualPolygonModel.xcdatamodeld;
			sourceTree = "<group>";
			versionGroupType = wrapper.xcdatamodel;
		};
/* End XCVersionGroup section */
	};
	rootObject = F6121DF61D2AD56900CF7F2D /* Project object */;
}
